
Microsoft Visual Studio Solution File, Format Version 12.00
# Visual Studio 14
VisualStudioVersion = 14.0.25420.1
MinimumVisualStudioVersion = 10.0.40219.1
Project("{8BC9CEB8-8B4A-11D0-8D11-00A0C91BC942}") = "3DGraphic", "3DGraphic\3DGraphic.vcxproj", "{884B0929-7094-422C-B03D-93C1CD96DFB7}"
EndProject
Project("{8BC9CEB8-8B4A-11D0-8D11-00A0C91BC942}") = "3DRotate", "3DRotate\3DRotate.vcxproj", "{78909F8A-4E7F-4758-A9D3-1E7007B45DD4}"
EndProject
Global
	GlobalSection(SolutionConfigurationPlatforms) = preSolution
		Debug|x64 = Debug|x64
		Debug|x86 = Debug|x86
		Release|x64 = Release|x64
		Release|x86 = Release|x86
	EndGlobalSection
	GlobalSection(ProjectConfigurationPlatforms) = postSolution
		{884B0929-7094-422C-B03D-93C1CD96DFB7}.Debug|x64.ActiveCfg = Debug|x64
		{884B0929-7094-422C-B03D-93C1CD96DFB7}.Debug|x64.Build.0 = Debug|x64
		{884B0929-7094-422C-B03D-93C1CD96DFB7}.Debug|x86.ActiveCfg = Debug|Win32
		{884B0929-7094-422C-B03D-93C1CD96DFB7}.Debug|x86.Build.0 = Debug|Win32
		{884B0929-7094-422C-B03D-93C1CD96DFB7}.Release|x64.ActiveCfg = Release|x64
		{884B0929-7094-422C-B03D-93C1CD96DFB7}.Release|x64.Build.0 = Release|x64
		{884B0929-7094-422C-B03D-93C1CD96DFB7}.Release|x86.ActiveCfg = Release|Win32
		{884B0929-7094-422C-B03D-93C1CD96DFB7}.Release|x86.Build.0 = Release|Win32
		{78909F8A-4E7F-4758-A9D3-1E7007B45DD4}.Debug|x64.ActiveCfg = Debug|x64
		{78909F8A-4E7F-4758-A9D3-1E7007B45DD4}.Debug|x64.Build.0 = Debug|x64
		{78909F8A-4E7F-4758-A9D3-1E7007B45DD4}.Debug|x86.ActiveCfg = Debug|Win32
		{78909F8A-4E7F-4758-A9D3-1E7007B45DD4}.Debug|x86.Build.0 = Debug|Win32
		{78909F8A-4E7F-4758-A9D3-1E7007B45DD4}.Release|x64.ActiveCfg = Release|x64
		{78909F8A-4E7F-4758-A9D3-1E7007B45DD4}.Release|x64.Build.0 = Release|x64
		{78909F8A-4E7F-4758-A9D3-1E7007B45DD4}.Release|x86.ActiveCfg = Release|Win32
		{78909F8A-4E7F-4758-A9D3-1E7007B45DD4}.Release|x86.Build.0 = Release|Win32
	EndGlobalSection
	GlobalSection(SolutionProperties) = preSolution
		HideSolutionNode = FALSE
	EndGlobalSection
EndGlobal
